
Microsoft Visual Studio Solution File, Format Version 12.00
# Visual Studio Version 16
VisualStudioVersion = 16.0.30011.22
MinimumVisualStudioVersion = 10.0.40219.1
Project("{FAE04EC0-301F-11D3-BF4B-00C04F79EFBC}") = "InventarioMetalForms", "InventarioMetalForms.csproj", "{230FFEFA-4E95-45A3-98FE-377E08BB06AB}"
EndProject
Global
	GlobalSection(SolutionConfigurationPlatforms) = preSolution
		Debug|Any CPU = Debug|Any CPU
		Release|Any CPU = Release|Any CPU
	EndGlobalSection
	GlobalSection(ProjectConfigurationPlatforms) = postSolution
		{230FFEFA-4E95-45A3-98FE-377E08BB06AB}.Debug|Any CPU.ActiveCfg = Debug|Any CPU
		{230FFEFA-4E95-45A3-98FE-377E08BB06AB}.Debug|Any CPU.Build.0 = Debug|Any CPU
		{230FFEFA-4E95-45A3-98FE-377E08BB06AB}.Release|Any CPU.ActiveCfg = Release|Any CPU
		{230FFEFA-4E95-45A3-98FE-377E08BB06AB}.Release|Any CPU.Build.0 = Release|Any CPU
	EndGlobalSection
	GlobalSection(SolutionProperties) = preSolution
		HideSolutionNode = FALSE
	EndGlobalSection
	GlobalSection(ExtensibilityGlobals) = postSolution
		SolutionGuid = {2AB30B40-288E-4EBE-A6F7-DA0F09C1FA80}
	EndGlobalSection
EndGlobal
